
Microsoft Visual Studio Solution File, Format Version 12.00
Project("{FAE04EC0-301F-11D3-BF4B-00C04F79EFBC}") = "Gold", "Gold\Gold.csproj", "{A44DA0E1-8124-4A07-80DA-02D279732EA7}"
EndProject
Global
	GlobalSection(SolutionConfigurationPlatforms) = preSolution
		Debug|Any CPU = Debug|Any CPU
		Release|Any CPU = Release|Any CPU
	EndGlobalSection
	GlobalSection(ProjectConfigurationPlatforms) = postSolution
		{A44DA0E1-8124-4A07-80DA-02D279732EA7}.Debug|Any CPU.ActiveCfg = Debug|Any CPU
		{A44DA0E1-8124-4A07-80DA-02D279732EA7}.Debug|Any CPU.Build.0 = Debug|Any CPU
		{A44DA0E1-8124-4A07-80DA-02D279732EA7}.Release|Any CPU.ActiveCfg = Release|Any CPU
		{A44DA0E1-8124-4A07-80DA-02D279732EA7}.Release|Any CPU.Build.0 = Release|Any CPU
	EndGlobalSection
EndGlobal
